// !$*UTF8*$!
{
	archiveVersion = 1;
	classes = {
	};
	objectVersion = 46;
	objects = {

/* Begin PBXBuildFile section */
		CCC3B38B1D97DC020017B848 /* AppDelegate.swift in Sources */ = {isa = PBXBuildFile; fileRef = CCC3B38A1D97DC020017B848 /* AppDelegate.swift */; };
		CCC3B38D1D97DC020017B848 /* ForwardGeocodingViewController.swift in Sources */ = {isa = PBXBuildFile; fileRef = CCC3B38C1D97DC020017B848 /* ForwardGeocodingViewController.swift */; };
		CCC3B38F1D97DC020017B848 /* ReverseGeocodingViewController.swift in Sources */ = {isa = PBXBuildFile; fileRef = CCC3B38E1D97DC020017B848 /* ReverseGeocodingViewController.swift */; };
		CCC3B3921D97DC020017B848 /* Main.storyboard in Resources */ = {isa = PBXBuildFile; fileRef = CCC3B3901D97DC020017B848 /* Main.storyboard */; };
		CCC3B3941D97DC020017B848 /* Assets.xcassets in Resources */ = {isa = PBXBuildFile; fileRef = CCC3B3931D97DC020017B848 /* Assets.xcassets */; };
		CCC3B3971D97DC020017B848 /* LaunchScreen.storyboard in Resources */ = {isa = PBXBuildFile; fileRef = CCC3B3951D97DC020017B848 /* LaunchScreen.storyboard */; };
/* End PBXBuildFile section */

/* Begin PBXFileReference section */
		CCC3B3871D97DC020017B848 /* Geocoding.app */ = {isa = PBXFileReference; explicitFileType = wrapper.application; includeInIndex = 0; path = Geocoding.app; sourceTree = BUILT_PRODUCTS_DIR; };
		CCC3B38A1D97DC020017B848 /* AppDelegate.swift */ = {isa = PBXFileReference; lastKnownFileType = sourcecode.swift; path = AppDelegate.swift; sourceTree = "<group>"; };
		CCC3B38C1D97DC020017B848 /* ForwardGeocodingViewController.swift */ = {isa = PBXFileReference; lastKnownFileType = sourcecode.swift; path = ForwardGeocodingViewController.swift; sourceTree = "<group>"; };
		CCC3B38E1D97DC020017B848 /* ReverseGeocodingViewController.swift */ = {isa = PBXFileReference; lastKnownFileType = sourcecode.swift; path = ReverseGeocodingViewController.swift; sourceTree = "<group>"; };
		CCC3B3911D97DC020017B848 /* Base */ = {isa = PBXFileReference; lastKnownFileType = file.storyboard; name = Base; path = Base.lproj/Main.storyboard; sourceTree = "<group>"; };
		CCC3B3931D97DC020017B848 /* Assets.xcassets */ = {isa = PBXFileReference; lastKnownFileType = folder.assetcatalog; path = Assets.xcassets; sourceTree = "<group>"; };
		CCC3B3961D97DC020017B848 /* Base */ = {isa = PBXFileReference; lastKnownFileType = file.storyboard; name = Base; path = Base.lproj/LaunchScreen.storyboard; sourceTree = "<group>"; };
		CCC3B3981D97DC020017B848 /* Info.plist */ = {isa = PBXFileReference; lastKnownFileType = text.plist.xml; path = Info.plist; sourceTree = "<group>"; };
/* End PBXFileReference section */

/* Begin PBXFrameworksBuildPhase section */
		CCC3B3841D97DC020017B848 /* Frameworks */ = {
			isa = PBXFrameworksBuildPhase;
			buildActionMask = 2147483647;
			files = (
			);
			runOnlyForDeploymentPostprocessing = 0;
		};
/* End PBXFrameworksBuildPhase section */

/* Begin PBXGroup section */
		CCC3B37E1D97DC020017B848 = {
			isa = PBXGroup;
			children = (
				CCC3B3891D97DC020017B848 /* Geocoding */,
				CCC3B3881D97DC020017B848 /* Products */,
			);
			sourceTree = "<group>";
		};
		CCC3B3881D97DC020017B848 /* Products */ = {
			isa = PBXGroup;
			children = (
				CCC3B3871D97DC020017B848 /* Geocoding.app */,
			);
			name = Products;
			sourceTree = "<group>";
		};
		CCC3B3891D97DC020017B848 /* Geocoding */ = {
			isa = PBXGroup;
			children = (
				CCC3B38A1D97DC020017B848 /* AppDelegate.swift */,
				CCC3B38C1D97DC020017B848 /* ForwardGeocodingViewController.swift */,
				CCC3B38E1D97DC020017B848 /* ReverseGeocodingViewController.swift */,
				CCC3B3901D97DC020017B848 /* Main.storyboard */,
				CCC3B3931D97DC020017B848 /* Assets.xcassets */,
				CCC3B3951D97DC020017B848 /* LaunchScreen.storyboard */,
				CCC3B3981D97DC020017B848 /* Info.plist */,
			);
			path = Geocoding;
			sourceTree = "<group>";
		};
/* End PBXGroup section */

/* Begin PBXNativeTarget section */
		CCC3B3861D97DC020017B848 /* Geocoding */ = {
			isa = PBXNativeTarget;
			buildConfigurationList = CCC3B39B1D97DC020017B848 /* Build configuration list for PBXNativeTarget "Geocoding" */;
			buildPhases = (
				CCC3B3831D97DC020017B848 /* Sources */,
				CCC3B3841D97DC020017B848 /* Frameworks */,
				CCC3B3851D97DC020017B848 /* Resources */,
			);
			buildRules = (
			);
			dependencies = (
			);
			name = Geocoding;
			productName = Geocoding;
			productReference = CCC3B3871D97DC020017B848 /* Geocoding.app */;
			productType = "com.apple.product-type.application";
		};
/* End PBXNativeTarget section */

/* Begin PBXProject section */
		CCC3B37F1D97DC020017B848 /* Project object */ = {
			isa = PBXProject;
			attributes = {
				LastSwiftUpdateCheck = 0800;
				LastUpgradeCheck = 0800;
				ORGANIZATIONNAME = Cocoacasts;
				TargetAttributes = {
					CCC3B3861D97DC020017B848 = {
						CreatedOnToolsVersion = 8.0;
						DevelopmentTeam = 2493UGBPKJ;
						ProvisioningStyle = Automatic;
					};
				};
			};
			buildConfigurationList = CCC3B3821D97DC020017B848 /* Build configuration list for PBXProject "Geocoding" */;
			compatibilityVersion = "Xcode 3.2";
			developmentRegion = English;
			hasScannedForEncodings = 0;
			knownRegions = (
				en,
				Base,
			);
			mainGroup = CCC3B37E1D97DC020017B848;
			productRefGroup = CCC3B3881D97DC020017B848 /* Products */;
			projectDirPath = "";
			projectRoot = "";
			targets = (
				CCC3B3861D97DC020017B848 /* Geocoding */,
			);
		};
/* End PBXProject section */

/* Begin PBXResourcesBuildPhase section */
		CCC3B3851D97DC020017B848 /* Resources */ = {
			isa = PBXResourcesBuildPhase;
			buildActionMask = 2147483647;
			files = (
				CCC3B3971D97DC020017B848 /* LaunchScreen.storyboard in Resources */,
				CCC3B3941D97DC020017B848 /* Assets.xcassets in Resources */,
				CCC3B3921D97DC020017B848 /* Main.storyboard in Resources */,
			);
			runOnlyForDeploymentPostprocessing = 0;
		};
/* End PBXResourcesBuildPhase section */

/* Begin PBXSourcesBuildPhase section */
		CCC3B3831D97DC020017B848 /* Sources */ = {
			isa = PBXSourcesBuildPhase;
			buildActionMask = 2147483647;
			files = (
				CCC3B38F1D97DC020017B848 /* ReverseGeocodingViewController.swift in Sources */,
				CCC3B38B1D97DC020017B848 /* AppDelegate.swift in Sources */,
				CCC3B38D1D97DC020017B848 /* ForwardGeocodingViewController.swift in Sources */,
			);
			runOnlyForDeploymentPostprocessing = 0;
		};
/* End PBXSourcesBuildPhase section */

/* Begin PBXVariantGroup section */
		CCC3B3901D97DC020017B848 /* Main.storyboard */ = {
			isa = PBXVariantGroup;
			children = (
				CCC3B3911D97DC020017B848 /* Base */,
			);
			name = Main.storyboard;
			sourceTree = "<group>";
		};
		CCC3B3951D97DC020017B848 /* LaunchScreen.storyboard */ = {
			isa = PBXVariantGroup;
			children = (
				CCC3B3961D97DC020017B848 /* Base */,
			);
			name = LaunchScreen.storyboard;
			sourceTree = "<group>";
		};
/* End PBXVariantGroup section */

/* Begin XCBuildConfiguration section */
		CCC3B3991D97DC020017B848 /* Debug */ = {
			isa = XCBuildConfiguration;
			buildSettings = {
				ALWAYS_SEARCH_USER_PATHS = NO;
				CLANG_ANALYZER_NONNULL = YES;
				CLANG_CXX_LANGUAGE_STANDARD = "gnu++0x";
				CLANG_CXX_LIBRARY = "libc++";
				CLANG_ENABLE_MODULES = YES;
				CLANG_ENABLE_OBJC_ARC = YES;
				CLANG_WARN_BOOL_CONVERSION = YES;
				CLANG_WARN_CONSTANT_CONVERSION = YES;
				CLANG_WARN_DIRECT_OBJC_ISA_USAGE = YES_ERROR;
				CLANG_WARN_DOCUMENTATION_COMMENTS = YES;
				CLANG_WARN_EMPTY_BODY = YES;
				CLANG_WARN_ENUM_CONVERSION = YES;
				CLANG_WARN_INFINITE_RECURSION = YES;
				CLANG_WARN_INT_CONVERSION = YES;
				CLANG_WARN_OBJC_ROOT_CLASS = YES_ERROR;
				CLANG_WARN_SUSPICIOUS_MOVES = YES;
				CLANG_WARN_UNREACHABLE_CODE = YES;
				CLANG_WARN__DUPLICATE_METHOD_MATCH = YES;
				"CODE_SIGN_IDENTITY[sdk=iphoneos*]" = "iPhone Developer";
				COPY_PHASE_STRIP = NO;
				DEBUG_INFORMATION_FORMAT = dwarf;
				ENABLE_STRICT_OBJC_MSGSEND = YES;
				ENABLE_TESTABILITY = YES;
				GCC_C_LANGUAGE_STANDARD = gnu99;
				GCC_DYNAMIC_NO_PIC = NO;
				GCC_NO_COMMON_BLOCKS = YES;
				GCC_OPTIMIZATION_LEVEL = 0;
				GCC_PREPROCESSOR_DEFINITIONS = (
					"DEBUG=1",
					"$(inherited)",
				);
				GCC_WARN_64_TO_32_BIT_CONVERSION = YES;
				GCC_WARN_ABOUT_RETURN_TYPE = YES_ERROR;
				GCC_WARN_UNDECLARED_SELECTOR = YES;
				GCC_WARN_UNINITIALIZED_AUTOS = YES_AGGRESSIVE;
				GCC_WARN_UNUSED_FUNCTION = YES;
				GCC_WARN_UNUSED_VARIABLE = YES;
				IPHONEOS_DEPLOYMENT_TARGET = 10.0;
				MTL_ENABLE_DEBUG_INFO = YES;
				ONLY_ACTIVE_ARCH = YES;
				SDKROOT = iphoneos;
				SWIFT_ACTIVE_COMPILATION_CONDITIONS = DEBUG;
				SWIFT_OPTIMIZATION_LEVEL = "-Onone";
			};
			name = Debug;
		};
		CCC3B39A1D97DC020017B848 /* Release */ = {
			isa = XCBuildConfiguration;
			buildSettings = {
				ALWAYS_SEARCH_USER_PATHS = NO;
				CLANG_ANALYZER_NONNULL = YES;
				CLANG_CXX_LANGUAGE_STANDARD = "gnu++0x";
				CLANG_CXX_LIBRARY = "libc++";
				CLANG_ENABLE_MODULES = YES;
				CLANG_ENABLE_OBJC_ARC = YES;
				CLANG_WARN_BOOL_CONVERSION = YES;
				CLANG_WARN_CONSTANT_CONVERSION = YES;
				CLANG_WARN_DIRECT_OBJC_ISA_USAGE = YES_ERROR;
				CLANG_WARN_DOCUMENTATION_COMMENTS = YES;
				CLANG_WARN_EMPTY_BODY = YES;
				CLANG_WARN_ENUM_CONVERSION = YES;
				CLANG_WARN_INFINITE_RECURSION = YES;
				CLANG_WARN_INT_CONVERSION = YES;
				CLANG_WARN_OBJC_ROOT_CLASS = YES_ERROR;
				CLANG_WARN_SUSPICIOUS_MOVES = YES;
				CLANG_WARN_UNREACHABLE_CODE = YES;
				CLANG_WARN__DUPLICATE_METHOD_MATCH = YES;
				"CODE_SIGN_IDENTITY[sdk=iphoneos*]" = "iPhone Developer";
				COPY_PHASE_STRIP = NO;
				DEBUG_INFORMATION_FORMAT = "dwarf-with-dsym";
				ENABLE_NS_ASSERTIONS = NO;
				ENABLE_STRICT_OBJC_MSGSEND = YES;
				GCC_C_LANGUAGE_STANDARD = gnu99;
				GCC_NO_COMMON_BLOCKS = YES;
				GCC_WARN_64_TO_32_BIT_CONVERSION = YES;
				GCC_WARN_ABOUT_RETURN_TYPE = YES_ERROR;
				GCC_WARN_UNDECLARED_SELECTOR = YES;
				GCC_WARN_UNINITIALIZED_AUTOS = YES_AGGRESSIVE;
				GCC_WARN_UNUSED_FUNCTION = YES;
				GCC_WARN_UNUSED_VARIABLE = YES;
				IPHONEOS_DEPLOYMENT_TARGET = 10.0;
				MTL_ENABLE_DEBUG_INFO = NO;
				SDKROOT = iphoneos;
				SWIFT_OPTIMIZATION_LEVEL = "-Owholemodule";
				VALIDATE_PRODUCT = YES;
			};
			name = Release;
		};
		CCC3B39C1D97DC020017B848 /* Debug */ = {
			isa = XCBuildConfiguration;
			buildSettings = {
				ASSETCATALOG_COMPILER_APPICON_NAME = AppIcon;
				DEVELOPMENT_TEAM = 2493UGBPKJ;
				INFOPLIST_FILE = Geocoding/Info.plist;
				LD_RUNPATH_SEARCH_PATHS = "$(inherited) @executable_path/Frameworks";
				PRODUCT_BUNDLE_IDENTIFIER = com.cocoacasts.Geocoding;
				PRODUCT_NAME = "$(TARGET_NAME)";
				SWIFT_VERSION = 3.0;
			};
			name = Debug;
		};
		CCC3B39D1D97DC020017B848 /* Release */ = {
			isa = XCBuildConfiguration;
			buildSettings = {
				ASSETCATALOG_COMPILER_APPICON_NAME = AppIcon;
				DEVELOPMENT_TEAM = 2493UGBPKJ;
				INFOPLIST_FILE = Geocoding/Info.plist;
				LD_RUNPATH_SEARCH_PATHS = "$(inherited) @executable_path/Frameworks";
				PRODUCT_BUNDLE_IDENTIFIER = com.cocoacasts.Geocoding;
				PRODUCT_NAME = "$(TARGET_NAME)";
				SWIFT_VERSION = 3.0;
			};
			name = Release;
		};
/* End XCBuildConfiguration section */

/* Begin XCConfigurationList section */
		CCC3B3821D97DC020017B848 /* Build configuration list for PBXProject "Geocoding" */ = {
			isa = XCConfigurationList;
			buildConfigurations = (
				CCC3B3991D97DC020017B848 /* Debug */,
				CCC3B39A1D97DC020017B848 /* Release */,
			);
			defaultConfigurationIsVisible = 0;
			defaultConfigurationName = Release;
		};
		CCC3B39B1D97DC020017B848 /* Build configuration list for PBXNativeTarget "Geocoding" */ = {
			isa = XCConfigurationList;
			buildConfigurations = (
				CCC3B39C1D97DC020017B848 /* Debug */,
				CCC3B39D1D97DC020017B848 /* Release */,
			);
			defaultConfigurationIsVisible = 0;
		};
/* End XCConfigurationList section */
	};
	rootObject = CCC3B37F1D97DC020017B848 /* Project object */;
}
